
Microsoft Visual Studio Solution File, Format Version 12.00
# Visual Studio Version 16
VisualStudioVersion = 16.0.30517.126
MinimumVisualStudioVersion = 10.0.40219.1
Project("{FAE04EC0-301F-11D3-BF4B-00C04F79EFBC}") = "BRSPRJ_A3-WebAPI", "BRSPRJ_A3-WebAPI\BRSPRJ_A3-WebAPI.csproj", "{9F1923B1-BD83-4D9B-BA03-DF670DB5B984}"
EndProject
Global
	GlobalSection(SolutionConfigurationPlatforms) = preSolution
		Debug|Any CPU = Debug|Any CPU
		Release|Any CPU = Release|Any CPU
	EndGlobalSection
	GlobalSection(ProjectConfigurationPlatforms) = postSolution
		{9F1923B1-BD83-4D9B-BA03-DF670DB5B984}.Debug|Any CPU.ActiveCfg = Debug|Any CPU
		{9F1923B1-BD83-4D9B-BA03-DF670DB5B984}.Debug|Any CPU.Build.0 = Debug|Any CPU
		{9F1923B1-BD83-4D9B-BA03-DF670DB5B984}.Release|Any CPU.ActiveCfg = Release|Any CPU
		{9F1923B1-BD83-4D9B-BA03-DF670DB5B984}.Release|Any CPU.Build.0 = Release|Any CPU
	EndGlobalSection
	GlobalSection(SolutionProperties) = preSolution
		HideSolutionNode = FALSE
	EndGlobalSection
	GlobalSection(ExtensibilityGlobals) = postSolution
		SolutionGuid = {14FF456C-67C2-4E84-BAD0-2AA08184559D}
	EndGlobalSection
EndGlobal
